// !$*UTF8*$!
{
	archiveVersion = 1;
	classes = {
	};
	objectVersion = 50;
	objects = {

/* Begin PBXBuildFile section */
		B93C4DE525233BD7005CB5F8 /* AppDelegate.swift in Sources */ = {isa = PBXBuildFile; fileRef = B93C4DE425233BD7005CB5F8 /* AppDelegate.swift */; };
		B93C4DEE25233BDC005CB5F8 /* Assets.xcassets in Resources */ = {isa = PBXBuildFile; fileRef = B93C4DED25233BDC005CB5F8 /* Assets.xcassets */; };
		B93C4DF125233BDC005CB5F8 /* LaunchScreen.storyboard in Resources */ = {isa = PBXBuildFile; fileRef = B93C4DEF25233BDC005CB5F8 /* LaunchScreen.storyboard */; };
		B93C4DFC25233BDD005CB5F8 /* MealTableViewCollectionViewTests.swift in Sources */ = {isa = PBXBuildFile; fileRef = B93C4DFB25233BDD005CB5F8 /* MealTableViewCollectionViewTests.swift */; };
		B93C4E0725233BDD005CB5F8 /* MealTableViewCollectionViewUITests.swift in Sources */ = {isa = PBXBuildFile; fileRef = B93C4E0625233BDD005CB5F8 /* MealTableViewCollectionViewUITests.swift */; };
		B93C4E1725233C75005CB5F8 /* MealTestViewModel.swift in Sources */ = {isa = PBXBuildFile; fileRef = B93C4E1625233C75005CB5F8 /* MealTestViewModel.swift */; };
		B93C4E1925233C7F005CB5F8 /* TableViewController.swift in Sources */ = {isa = PBXBuildFile; fileRef = B93C4E1825233C7E005CB5F8 /* TableViewController.swift */; };
		B93C4E1C25233C91005CB5F8 /* Main.storyboard in Resources */ = {isa = PBXBuildFile; fileRef = B93C4E1B25233C91005CB5F8 /* Main.storyboard */; };
		B93C4E1E25233C9A005CB5F8 /* Meal.swift in Sources */ = {isa = PBXBuildFile; fileRef = B93C4E1D25233C9A005CB5F8 /* Meal.swift */; };
/* End PBXBuildFile section */

/* Begin PBXContainerItemProxy section */
		B93C4DF825233BDD005CB5F8 /* PBXContainerItemProxy */ = {
			isa = PBXContainerItemProxy;
			containerPortal = B93C4DD925233BD7005CB5F8 /* Project object */;
			proxyType = 1;
			remoteGlobalIDString = B93C4DE025233BD7005CB5F8;
			remoteInfo = MealTableViewCollectionView;
		};
		B93C4E0325233BDD005CB5F8 /* PBXContainerItemProxy */ = {
			isa = PBXContainerItemProxy;
			containerPortal = B93C4DD925233BD7005CB5F8 /* Project object */;
			proxyType = 1;
			remoteGlobalIDString = B93C4DE025233BD7005CB5F8;
			remoteInfo = MealTableViewCollectionView;
		};
/* End PBXContainerItemProxy section */

/* Begin PBXFileReference section */
		B93C4DE125233BD7005CB5F8 /* MealTableViewCollectionView.app */ = {isa = PBXFileReference; explicitFileType = wrapper.application; includeInIndex = 0; path = MealTableViewCollectionView.app; sourceTree = BUILT_PRODUCTS_DIR; };
		B93C4DE425233BD7005CB5F8 /* AppDelegate.swift */ = {isa = PBXFileReference; lastKnownFileType = sourcecode.swift; path = AppDelegate.swift; sourceTree = "<group>"; };
		B93C4DED25233BDC005CB5F8 /* Assets.xcassets */ = {isa = PBXFileReference; lastKnownFileType = folder.assetcatalog; path = Assets.xcassets; sourceTree = "<group>"; };
		B93C4DF025233BDC005CB5F8 /* Base */ = {isa = PBXFileReference; lastKnownFileType = file.storyboard; name = Base; path = Base.lproj/LaunchScreen.storyboard; sourceTree = "<group>"; };
		B93C4DF225233BDC005CB5F8 /* Info.plist */ = {isa = PBXFileReference; lastKnownFileType = text.plist.xml; path = Info.plist; sourceTree = "<group>"; };
		B93C4DF725233BDD005CB5F8 /* MealTableViewCollectionViewTests.xctest */ = {isa = PBXFileReference; explicitFileType = wrapper.cfbundle; includeInIndex = 0; path = MealTableViewCollectionViewTests.xctest; sourceTree = BUILT_PRODUCTS_DIR; };
		B93C4DFB25233BDD005CB5F8 /* MealTableViewCollectionViewTests.swift */ = {isa = PBXFileReference; lastKnownFileType = sourcecode.swift; path = MealTableViewCollectionViewTests.swift; sourceTree = "<group>"; };
		B93C4DFD25233BDD005CB5F8 /* Info.plist */ = {isa = PBXFileReference; lastKnownFileType = text.plist.xml; path = Info.plist; sourceTree = "<group>"; };
		B93C4E0225233BDD005CB5F8 /* MealTableViewCollectionViewUITests.xctest */ = {isa = PBXFileReference; explicitFileType = wrapper.cfbundle; includeInIndex = 0; path = MealTableViewCollectionViewUITests.xctest; sourceTree = BUILT_PRODUCTS_DIR; };
		B93C4E0625233BDD005CB5F8 /* MealTableViewCollectionViewUITests.swift */ = {isa = PBXFileReference; lastKnownFileType = sourcecode.swift; path = MealTableViewCollectionViewUITests.swift; sourceTree = "<group>"; };
		B93C4E0825233BDD005CB5F8 /* Info.plist */ = {isa = PBXFileReference; lastKnownFileType = text.plist.xml; path = Info.plist; sourceTree = "<group>"; };
		B93C4E1625233C75005CB5F8 /* MealTestViewModel.swift */ = {isa = PBXFileReference; fileEncoding = 4; lastKnownFileType = sourcecode.swift; path = MealTestViewModel.swift; sourceTree = "<group>"; };
		B93C4E1825233C7E005CB5F8 /* TableViewController.swift */ = {isa = PBXFileReference; fileEncoding = 4; lastKnownFileType = sourcecode.swift; path = TableViewController.swift; sourceTree = "<group>"; };
		B93C4E1B25233C91005CB5F8 /* Main.storyboard */ = {isa = PBXFileReference; fileEncoding = 4; lastKnownFileType = file.storyboard; path = Main.storyboard; sourceTree = "<group>"; };
		B93C4E1D25233C9A005CB5F8 /* Meal.swift */ = {isa = PBXFileReference; fileEncoding = 4; lastKnownFileType = sourcecode.swift; path = Meal.swift; sourceTree = "<group>"; };
/* End PBXFileReference section */

/* Begin PBXFrameworksBuildPhase section */
		B93C4DDE25233BD7005CB5F8 /* Frameworks */ = {
			isa = PBXFrameworksBuildPhase;
			buildActionMask = 2147483647;
			files = (
			);
			runOnlyForDeploymentPostprocessing = 0;
		};
		B93C4DF425233BDD005CB5F8 /* Frameworks */ = {
			isa = PBXFrameworksBuildPhase;
			buildActionMask = 2147483647;
			files = (
			);
			runOnlyForDeploymentPostprocessing = 0;
		};
		B93C4DFF25233BDD005CB5F8 /* Frameworks */ = {
			isa = PBXFrameworksBuildPhase;
			buildActionMask = 2147483647;
			files = (
			);
			runOnlyForDeploymentPostprocessing = 0;
		};
/* End PBXFrameworksBuildPhase section */

/* Begin PBXGroup section */
		B93C4DD825233BD7005CB5F8 = {
			isa = PBXGroup;
			children = (
				B93C4DE325233BD7005CB5F8 /* MealTableViewCollectionView */,
				B93C4E1525233C07005CB5F8 /* View */,
				B93C4DFA25233BDD005CB5F8 /* MealTableViewCollectionViewTests */,
				B93C4E0525233BDD005CB5F8 /* MealTableViewCollectionViewUITests */,
				B93C4DE225233BD7005CB5F8 /* Products */,
			);
			sourceTree = "<group>";
		};
		B93C4DE225233BD7005CB5F8 /* Products */ = {
			isa = PBXGroup;
			children = (
				B93C4DE125233BD7005CB5F8 /* MealTableViewCollectionView.app */,
				B93C4DF725233BDD005CB5F8 /* MealTableViewCollectionViewTests.xctest */,
				B93C4E0225233BDD005CB5F8 /* MealTableViewCollectionViewUITests.xctest */,
			);
			name = Products;
			sourceTree = "<group>";
		};
		B93C4DE325233BD7005CB5F8 /* MealTableViewCollectionView */ = {
			isa = PBXGroup;
			children = (
				B93C4E1F25233CA2005CB5F8 /* ViewModel */,
				B93C4E1A25233C83005CB5F8 /* View */,
				B93C4E1425233BEC005CB5F8 /* Model */,
				B93C4DE425233BD7005CB5F8 /* AppDelegate.swift */,
				B93C4DED25233BDC005CB5F8 /* Assets.xcassets */,
				B93C4DEF25233BDC005CB5F8 /* LaunchScreen.storyboard */,
				B93C4DF225233BDC005CB5F8 /* Info.plist */,
			);
			path = MealTableViewCollectionView;
			sourceTree = "<group>";
		};
		B93C4DFA25233BDD005CB5F8 /* MealTableViewCollectionViewTests */ = {
			isa = PBXGroup;
			children = (
				B93C4DFB25233BDD005CB5F8 /* MealTableViewCollectionViewTests.swift */,
				B93C4DFD25233BDD005CB5F8 /* Info.plist */,
			);
			path = MealTableViewCollectionViewTests;
			sourceTree = "<group>";
		};
		B93C4E0525233BDD005CB5F8 /* MealTableViewCollectionViewUITests */ = {
			isa = PBXGroup;
			children = (
				B93C4E0625233BDD005CB5F8 /* MealTableViewCollectionViewUITests.swift */,
				B93C4E0825233BDD005CB5F8 /* Info.plist */,
			);
			path = MealTableViewCollectionViewUITests;
			sourceTree = "<group>";
		};
		B93C4E1425233BEC005CB5F8 /* Model */ = {
			isa = PBXGroup;
			children = (
				B93C4E1D25233C9A005CB5F8 /* Meal.swift */,
			);
			path = Model;
			sourceTree = "<group>";
		};
		B93C4E1525233C07005CB5F8 /* View */ = {
			isa = PBXGroup;
			children = (
			);
			path = View;
			sourceTree = "<group>";
		};
		B93C4E1A25233C83005CB5F8 /* View */ = {
			isa = PBXGroup;
			children = (
				B93C4E1B25233C91005CB5F8 /* Main.storyboard */,
			);
			path = View;
			sourceTree = "<group>";
		};
		B93C4E1F25233CA2005CB5F8 /* ViewModel */ = {
			isa = PBXGroup;
			children = (
				B93C4E1825233C7E005CB5F8 /* TableViewController.swift */,
				B93C4E1625233C75005CB5F8 /* MealTestViewModel.swift */,
			);
			path = ViewModel;
			sourceTree = "<group>";
		};
/* End PBXGroup section */

/* Begin PBXNativeTarget section */
		B93C4DE025233BD7005CB5F8 /* MealTableViewCollectionView */ = {
			isa = PBXNativeTarget;
			buildConfigurationList = B93C4E0B25233BDD005CB5F8 /* Build configuration list for PBXNativeTarget "MealTableViewCollectionView" */;
			buildPhases = (
				B93C4DDD25233BD7005CB5F8 /* Sources */,
				B93C4DDE25233BD7005CB5F8 /* Frameworks */,
				B93C4DDF25233BD7005CB5F8 /* Resources */,
			);
			buildRules = (
			);
			dependencies = (
			);
			name = MealTableViewCollectionView;
			productName = MealTableViewCollectionView;
			productReference = B93C4DE125233BD7005CB5F8 /* MealTableViewCollectionView.app */;
			productType = "com.apple.product-type.application";
		};
		B93C4DF625233BDD005CB5F8 /* MealTableViewCollectionViewTests */ = {
			isa = PBXNativeTarget;
			buildConfigurationList = B93C4E0E25233BDD005CB5F8 /* Build configuration list for PBXNativeTarget "MealTableViewCollectionViewTests" */;
			buildPhases = (
				B93C4DF325233BDD005CB5F8 /* Sources */,
				B93C4DF425233BDD005CB5F8 /* Frameworks */,
				B93C4DF525233BDD005CB5F8 /* Resources */,
			);
			buildRules = (
			);
			dependencies = (
				B93C4DF925233BDD005CB5F8 /* PBXTargetDependency */,
			);
			name = MealTableViewCollectionViewTests;
			productName = MealTableViewCollectionViewTests;
			productReference = B93C4DF725233BDD005CB5F8 /* MealTableViewCollectionViewTests.xctest */;
			productType = "com.apple.product-type.bundle.unit-test";
		};
		B93C4E0125233BDD005CB5F8 /* MealTableViewCollectionViewUITests */ = {
			isa = PBXNativeTarget;
			buildConfigurationList = B93C4E1125233BDD005CB5F8 /* Build configuration list for PBXNativeTarget "MealTableViewCollectionViewUITests" */;
			buildPhases = (
				B93C4DFE25233BDD005CB5F8 /* Sources */,
				B93C4DFF25233BDD005CB5F8 /* Frameworks */,
				B93C4E0025233BDD005CB5F8 /* Resources */,
			);
			buildRules = (
			);
			dependencies = (
				B93C4E0425233BDD005CB5F8 /* PBXTargetDependency */,
			);
			name = MealTableViewCollectionViewUITests;
			productName = MealTableViewCollectionViewUITests;
			productReference = B93C4E0225233BDD005CB5F8 /* MealTableViewCollectionViewUITests.xctest */;
			productType = "com.apple.product-type.bundle.ui-testing";
		};
/* End PBXNativeTarget section */

/* Begin PBXProject section */
		B93C4DD925233BD7005CB5F8 /* Project object */ = {
			isa = PBXProject;
			attributes = {
				LastSwiftUpdateCheck = 1030;
				LastUpgradeCheck = 1030;
				ORGANIZATIONNAME = "Julian Rich";
				TargetAttributes = {
					B93C4DE025233BD7005CB5F8 = {
						CreatedOnToolsVersion = 10.3;
					};
					B93C4DF625233BDD005CB5F8 = {
						CreatedOnToolsVersion = 10.3;
						TestTargetID = B93C4DE025233BD7005CB5F8;
					};
					B93C4E0125233BDD005CB5F8 = {
						CreatedOnToolsVersion = 10.3;
						TestTargetID = B93C4DE025233BD7005CB5F8;
					};
				};
			};
			buildConfigurationList = B93C4DDC25233BD7005CB5F8 /* Build configuration list for PBXProject "MealTableViewCollectionView" */;
			compatibilityVersion = "Xcode 9.3";
			developmentRegion = en;
			hasScannedForEncodings = 0;
			knownRegions = (
				en,
				Base,
			);
			mainGroup = B93C4DD825233BD7005CB5F8;
			productRefGroup = B93C4DE225233BD7005CB5F8 /* Products */;
			projectDirPath = "";
			projectRoot = "";
			targets = (
				B93C4DE025233BD7005CB5F8 /* MealTableViewCollectionView */,
				B93C4DF625233BDD005CB5F8 /* MealTableViewCollectionViewTests */,
				B93C4E0125233BDD005CB5F8 /* MealTableViewCollectionViewUITests */,
			);
		};
/* End PBXProject section */

/* Begin PBXResourcesBuildPhase section */
		B93C4DDF25233BD7005CB5F8 /* Resources */ = {
			isa = PBXResourcesBuildPhase;
			buildActionMask = 2147483647;
			files = (
				B93C4E1C25233C91005CB5F8 /* Main.storyboard in Resources */,
				B93C4DF125233BDC005CB5F8 /* LaunchScreen.storyboard in Resources */,
				B93C4DEE25233BDC005CB5F8 /* Assets.xcassets in Resources */,
			);
			runOnlyForDeploymentPostprocessing = 0;
		};
		B93C4DF525233BDD005CB5F8 /* Resources */ = {
			isa = PBXResourcesBuildPhase;
			buildActionMask = 2147483647;
			files = (
			);
			runOnlyForDeploymentPostprocessing = 0;
		};
		B93C4E0025233BDD005CB5F8 /* Resources */ = {
			isa = PBXResourcesBuildPhase;
			buildActionMask = 2147483647;
			files = (
			);
			runOnlyForDeploymentPostprocessing = 0;
		};
/* End PBXResourcesBuildPhase section */

/* Begin PBXSourcesBuildPhase section */
		B93C4DDD25233BD7005CB5F8 /* Sources */ = {
			isa = PBXSourcesBuildPhase;
			buildActionMask = 2147483647;
			files = (
				B93C4E1E25233C9A005CB5F8 /* Meal.swift in Sources */,
				B93C4DE525233BD7005CB5F8 /* AppDelegate.swift in Sources */,
				B93C4E1925233C7F005CB5F8 /* TableViewController.swift in Sources */,
				B93C4E1725233C75005CB5F8 /* MealTestViewModel.swift in Sources */,
			);
			runOnlyForDeploymentPostprocessing = 0;
		};
		B93C4DF325233BDD005CB5F8 /* Sources */ = {
			isa = PBXSourcesBuildPhase;
			buildActionMask = 2147483647;
			files = (
				B93C4DFC25233BDD005CB5F8 /* MealTableViewCollectionViewTests.swift in Sources */,
			);
			runOnlyForDeploymentPostprocessing = 0;
		};
		B93C4DFE25233BDD005CB5F8 /* Sources */ = {
			isa = PBXSourcesBuildPhase;
			buildActionMask = 2147483647;
			files = (
				B93C4E0725233BDD005CB5F8 /* MealTableViewCollectionViewUITests.swift in Sources */,
			);
			runOnlyForDeploymentPostprocessing = 0;
		};
/* End PBXSourcesBuildPhase section */

/* Begin PBXTargetDependency section */
		B93C4DF925233BDD005CB5F8 /* PBXTargetDependency */ = {
			isa = PBXTargetDependency;
			target = B93C4DE025233BD7005CB5F8 /* MealTableViewCollectionView */;
			targetProxy = B93C4DF825233BDD005CB5F8 /* PBXContainerItemProxy */;
		};
		B93C4E0425233BDD005CB5F8 /* PBXTargetDependency */ = {
			isa = PBXTargetDependency;
			target = B93C4DE025233BD7005CB5F8 /* MealTableViewCollectionView */;
			targetProxy = B93C4E0325233BDD005CB5F8 /* PBXContainerItemProxy */;
		};
/* End PBXTargetDependency section */

/* Begin PBXVariantGroup section */
		B93C4DEF25233BDC005CB5F8 /* LaunchScreen.storyboard */ = {
			isa = PBXVariantGroup;
			children = (
				B93C4DF025233BDC005CB5F8 /* Base */,
			);
			name = LaunchScreen.storyboard;
			sourceTree = "<group>";
		};
/* End PBXVariantGroup section */

/* Begin XCBuildConfiguration section */
		B93C4E0925233BDD005CB5F8 /* Debug */ = {
			isa = XCBuildConfiguration;
			buildSettings = {
				ALWAYS_SEARCH_USER_PATHS = NO;
				CLANG_ANALYZER_NONNULL = YES;
				CLANG_ANALYZER_NUMBER_OBJECT_CONVERSION = YES_AGGRESSIVE;
				CLANG_CXX_LANGUAGE_STANDARD = "gnu++14";
				CLANG_CXX_LIBRARY = "libc++";
				CLANG_ENABLE_MODULES = YES;
				CLANG_ENABLE_OBJC_ARC = YES;
				CLANG_ENABLE_OBJC_WEAK = YES;
				CLANG_WARN_BLOCK_CAPTURE_AUTORELEASING = YES;
				CLANG_WARN_BOOL_CONVERSION = YES;
				CLANG_WARN_COMMA = YES;
				CLANG_WARN_CONSTANT_CONVERSION = YES;
				CLANG_WARN_DEPRECATED_OBJC_IMPLEMENTATIONS = YES;
				CLANG_WARN_DIRECT_OBJC_ISA_USAGE = YES_ERROR;
				CLANG_WARN_DOCUMENTATION_COMMENTS = YES;
				CLANG_WARN_EMPTY_BODY = YES;
				CLANG_WARN_ENUM_CONVERSION = YES;
				CLANG_WARN_INFINITE_RECURSION = YES;
				CLANG_WARN_INT_CONVERSION = YES;
				CLANG_WARN_NON_LITERAL_NULL_CONVERSION = YES;
				CLANG_WARN_OBJC_IMPLICIT_RETAIN_SELF = YES;
				CLANG_WARN_OBJC_LITERAL_CONVERSION = YES;
				CLANG_WARN_OBJC_ROOT_CLASS = YES_ERROR;
				CLANG_WARN_RANGE_LOOP_ANALYSIS = YES;
				CLANG_WARN_STRICT_PROTOTYPES = YES;
				CLANG_WARN_SUSPICIOUS_MOVE = YES;
				CLANG_WARN_UNGUARDED_AVAILABILITY = YES_AGGRESSIVE;
				CLANG_WARN_UNREACHABLE_CODE = YES;
				CLANG_WARN__DUPLICATE_METHOD_MATCH = YES;
				CODE_SIGN_IDENTITY = "iPhone Developer";
				COPY_PHASE_STRIP = NO;
				DEBUG_INFORMATION_FORMAT = dwarf;
				ENABLE_STRICT_OBJC_MSGSEND = YES;
				ENABLE_TESTABILITY = YES;
				GCC_C_LANGUAGE_STANDARD = gnu11;
				GCC_DYNAMIC_NO_PIC = NO;
				GCC_NO_COMMON_BLOCKS = YES;
				GCC_OPTIMIZATION_LEVEL = 0;
				GCC_PREPROCESSOR_DEFINITIONS = (
					"DEBUG=1",
					"$(inherited)",
				);
				GCC_WARN_64_TO_32_BIT_CONVERSION = YES;
				GCC_WARN_ABOUT_RETURN_TYPE = YES_ERROR;
				GCC_WARN_UNDECLARED_SELECTOR = YES;
				GCC_WARN_UNINITIALIZED_AUTOS = YES_AGGRESSIVE;
				GCC_WARN_UNUSED_FUNCTION = YES;
				GCC_WARN_UNUSED_VARIABLE = YES;
				IPHONEOS_DEPLOYMENT_TARGET = 12.4;
				MTL_ENABLE_DEBUG_INFO = INCLUDE_SOURCE;
				MTL_FAST_MATH = YES;
				ONLY_ACTIVE_ARCH = YES;
				SDKROOT = iphoneos;
				SWIFT_ACTIVE_COMPILATION_CONDITIONS = DEBUG;
				SWIFT_OPTIMIZATION_LEVEL = "-Onone";
			};
			name = Debug;
		};
		B93C4E0A25233BDD005CB5F8 /* Release */ = {
			isa = XCBuildConfiguration;
			buildSettings = {
				ALWAYS_SEARCH_USER_PATHS = NO;
				CLANG_ANALYZER_NONNULL = YES;
				CLANG_ANALYZER_NUMBER_OBJECT_CONVERSION = YES_AGGRESSIVE;
				CLANG_CXX_LANGUAGE_STANDARD = "gnu++14";
				CLANG_CXX_LIBRARY = "libc++";
				CLANG_ENABLE_MODULES = YES;
				CLANG_ENABLE_OBJC_ARC = YES;
				CLANG_ENABLE_OBJC_WEAK = YES;
				CLANG_WARN_BLOCK_CAPTURE_AUTORELEASING = YES;
				CLANG_WARN_BOOL_CONVERSION = YES;
				CLANG_WARN_COMMA = YES;
				CLANG_WARN_CONSTANT_CONVERSION = YES;
				CLANG_WARN_DEPRECATED_OBJC_IMPLEMENTATIONS = YES;
				CLANG_WARN_DIRECT_OBJC_ISA_USAGE = YES_ERROR;
				CLANG_WARN_DOCUMENTATION_COMMENTS = YES;
				CLANG_WARN_EMPTY_BODY = YES;
				CLANG_WARN_ENUM_CONVERSION = YES;
				CLANG_WARN_INFINITE_RECURSION = YES;
				CLANG_WARN_INT_CONVERSION = YES;
				CLANG_WARN_NON_LITERAL_NULL_CONVERSION = YES;
				CLANG_WARN_OBJC_IMPLICIT_RETAIN_SELF = YES;
				CLANG_WARN_OBJC_LITERAL_CONVERSION = YES;
				CLANG_WARN_OBJC_ROOT_CLASS = YES_ERROR;
				CLANG_WARN_RANGE_LOOP_ANALYSIS = YES;
				CLANG_WARN_STRICT_PROTOTYPES = YES;
				CLANG_WARN_SUSPICIOUS_MOVE = YES;
				CLANG_WARN_UNGUARDED_AVAILABILITY = YES_AGGRESSIVE;
				CLANG_WARN_UNREACHABLE_CODE = YES;
				CLANG_WARN__DUPLICATE_METHOD_MATCH = YES;
				CODE_SIGN_IDENTITY = "iPhone Developer";
				COPY_PHASE_STRIP = NO;
				DEBUG_INFORMATION_FORMAT = "dwarf-with-dsym";
				ENABLE_NS_ASSERTIONS = NO;
				ENABLE_STRICT_OBJC_MSGSEND = YES;
				GCC_C_LANGUAGE_STANDARD = gnu11;
				GCC_NO_COMMON_BLOCKS = YES;
				GCC_WARN_64_TO_32_BIT_CONVERSION = YES;
				GCC_WARN_ABOUT_RETURN_TYPE = YES_ERROR;
				GCC_WARN_UNDECLARED_SELECTOR = YES;
				GCC_WARN_UNINITIALIZED_AUTOS = YES_AGGRESSIVE;
				GCC_WARN_UNUSED_FUNCTION = YES;
				GCC_WARN_UNUSED_VARIABLE = YES;
				IPHONEOS_DEPLOYMENT_TARGET = 12.4;
				MTL_ENABLE_DEBUG_INFO = NO;
				MTL_FAST_MATH = YES;
				SDKROOT = iphoneos;
				SWIFT_COMPILATION_MODE = wholemodule;
				SWIFT_OPTIMIZATION_LEVEL = "-O";
				VALIDATE_PRODUCT = YES;
			};
			name = Release;
		};
		B93C4E0C25233BDD005CB5F8 /* Debug */ = {
			isa = XCBuildConfiguration;
			buildSettings = {
				ASSETCATALOG_COMPILER_APPICON_NAME = AppIcon;
				CODE_SIGN_STYLE = Automatic;
				DEVELOPMENT_TEAM = V27LHVNRVB;
				INFOPLIST_FILE = MealTableViewCollectionView/Info.plist;
				LD_RUNPATH_SEARCH_PATHS = (
					"$(inherited)",
					"@executable_path/Frameworks",
				);
				PRODUCT_BUNDLE_IDENTIFIER = com.jrich.MealTableViewCollectionView;
				PRODUCT_NAME = "$(TARGET_NAME)";
				SWIFT_VERSION = 5.0;
				TARGETED_DEVICE_FAMILY = "1,2";
			};
			name = Debug;
		};
		B93C4E0D25233BDD005CB5F8 /* Release */ = {
			isa = XCBuildConfiguration;
			buildSettings = {
				ASSETCATALOG_COMPILER_APPICON_NAME = AppIcon;
				CODE_SIGN_STYLE = Automatic;
				DEVELOPMENT_TEAM = V27LHVNRVB;
				INFOPLIST_FILE = MealTableViewCollectionView/Info.plist;
				LD_RUNPATH_SEARCH_PATHS = (
					"$(inherited)",
					"@executable_path/Frameworks",
				);
				PRODUCT_BUNDLE_IDENTIFIER = com.jrich.MealTableViewCollectionView;
				PRODUCT_NAME = "$(TARGET_NAME)";
				SWIFT_VERSION = 5.0;
				TARGETED_DEVICE_FAMILY = "1,2";
			};
			name = Release;
		};
		B93C4E0F25233BDD005CB5F8 /* Debug */ = {
			isa = XCBuildConfiguration;
			buildSettings = {
				ALWAYS_EMBED_SWIFT_STANDARD_LIBRARIES = YES;
				BUNDLE_LOADER = "$(TEST_HOST)";
				CODE_SIGN_STYLE = Automatic;
				DEVELOPMENT_TEAM = V27LHVNRVB;
				INFOPLIST_FILE = MealTableViewCollectionViewTests/Info.plist;
				LD_RUNPATH_SEARCH_PATHS = (
					"$(inherited)",
					"@executable_path/Frameworks",
					"@loader_path/Frameworks",
				);
				PRODUCT_BUNDLE_IDENTIFIER = com.jrich.MealTableViewCollectionViewTests;
				PRODUCT_NAME = "$(TARGET_NAME)";
				SWIFT_VERSION = 5.0;
				TARGETED_DEVICE_FAMILY = "1,2";
				TEST_HOST = "$(BUILT_PRODUCTS_DIR)/MealTableViewCollectionView.app/MealTableViewCollectionView";
			};
			name = Debug;
		};
		B93C4E1025233BDD005CB5F8 /* Release */ = {
			isa = XCBuildConfiguration;
			buildSettings = {
				ALWAYS_EMBED_SWIFT_STANDARD_LIBRARIES = YES;
				BUNDLE_LOADER = "$(TEST_HOST)";
				CODE_SIGN_STYLE = Automatic;
				DEVELOPMENT_TEAM = V27LHVNRVB;
				INFOPLIST_FILE = MealTableViewCollectionViewTests/Info.plist;
				LD_RUNPATH_SEARCH_PATHS = (
					"$(inherited)",
					"@executable_path/Frameworks",
					"@loader_path/Frameworks",
				);
				PRODUCT_BUNDLE_IDENTIFIER = com.jrich.MealTableViewCollectionViewTests;
				PRODUCT_NAME = "$(TARGET_NAME)";
				SWIFT_VERSION = 5.0;
				TARGETED_DEVICE_FAMILY = "1,2";
				TEST_HOST = "$(BUILT_PRODUCTS_DIR)/MealTableViewCollectionView.app/MealTableViewCollectionView";
			};
			name = Release;
		};
		B93C4E1225233BDD005CB5F8 /* Debug */ = {
			isa = XCBuildConfiguration;
			buildSettings = {
				ALWAYS_EMBED_SWIFT_STANDARD_LIBRARIES = YES;
				CODE_SIGN_STYLE = Automatic;
				DEVELOPMENT_TEAM = V27LHVNRVB;
				INFOPLIST_FILE = MealTableViewCollectionViewUITests/Info.plist;
				LD_RUNPATH_SEARCH_PATHS = (
					"$(inherited)",
					"@executable_path/Frameworks",
					"@loader_path/Frameworks",
				);
				PRODUCT_BUNDLE_IDENTIFIER = com.jrich.MealTableViewCollectionViewUITests;
				PRODUCT_NAME = "$(TARGET_NAME)";
				SWIFT_VERSION = 5.0;
				TARGETED_DEVICE_FAMILY = "1,2";
				TEST_TARGET_NAME = MealTableViewCollectionView;
			};
			name = Debug;
		};
		B93C4E1325233BDD005CB5F8 /* Release */ = {
			isa = XCBuildConfiguration;
			buildSettings = {
				ALWAYS_EMBED_SWIFT_STANDARD_LIBRARIES = YES;
				CODE_SIGN_STYLE = Automatic;
				DEVELOPMENT_TEAM = V27LHVNRVB;
				INFOPLIST_FILE = MealTableViewCollectionViewUITests/Info.plist;
				LD_RUNPATH_SEARCH_PATHS = (
					"$(inherited)",
					"@executable_path/Frameworks",
					"@loader_path/Frameworks",
				);
				PRODUCT_BUNDLE_IDENTIFIER = com.jrich.MealTableViewCollectionViewUITests;
				PRODUCT_NAME = "$(TARGET_NAME)";
				SWIFT_VERSION = 5.0;
				TARGETED_DEVICE_FAMILY = "1,2";
				TEST_TARGET_NAME = MealTableViewCollectionView;
			};
			name = Release;
		};
/* End XCBuildConfiguration section */

/* Begin XCConfigurationList section */
		B93C4DDC25233BD7005CB5F8 /* Build configuration list for PBXProject "MealTableViewCollectionView" */ = {
			isa = XCConfigurationList;
			buildConfigurations = (
				B93C4E0925233BDD005CB5F8 /* Debug */,
				B93C4E0A25233BDD005CB5F8 /* Release */,
			);
			defaultConfigurationIsVisible = 0;
			defaultConfigurationName = Release;
		};
		B93C4E0B25233BDD005CB5F8 /* Build configuration list for PBXNativeTarget "MealTableViewCollectionView" */ = {
			isa = XCConfigurationList;
			buildConfigurations = (
				B93C4E0C25233BDD005CB5F8 /* Debug */,
				B93C4E0D25233BDD005CB5F8 /* Release */,
			);
			defaultConfigurationIsVisible = 0;
			defaultConfigurationName = Release;
		};
		B93C4E0E25233BDD005CB5F8 /* Build configuration list for PBXNativeTarget "MealTableViewCollectionViewTests" */ = {
			isa = XCConfigurationList;
			buildConfigurations = (
				B93C4E0F25233BDD005CB5F8 /* Debug */,
				B93C4E1025233BDD005CB5F8 /* Release */,
			);
			defaultConfigurationIsVisible = 0;
			defaultConfigurationName = Release;
		};
		B93C4E1125233BDD005CB5F8 /* Build configuration list for PBXNativeTarget "MealTableViewCollectionViewUITests" */ = {
			isa = XCConfigurationList;
			buildConfigurations = (
				B93C4E1225233BDD005CB5F8 /* Debug */,
				B93C4E1325233BDD005CB5F8 /* Release */,
			);
			defaultConfigurationIsVisible = 0;
			defaultConfigurationName = Release;
		};
/* End XCConfigurationList section */
	};
	rootObject = B93C4DD925233BD7005CB5F8 /* Project object */;
}
